
Microsoft Visual Studio Solution File, Format Version 12.00
# Visual Studio 2012
Project("{FAE04EC0-301F-11D3-BF4B-00C04F79EFBC}") = "Flagscript.Web.Assets.DataTables", "Flagscript.Web.Assets.DataTables\Flagscript.Web.Assets.DataTables.csproj", "{715BA765-A19C-4D3D-8DF8-62106EA99E36}"
EndProject
Global
	GlobalSection(SolutionConfigurationPlatforms) = preSolution
		Debug|Any CPU = Debug|Any CPU
		Release|Any CPU = Release|Any CPU
	EndGlobalSection
	GlobalSection(ProjectConfigurationPlatforms) = postSolution
		{715BA765-A19C-4D3D-8DF8-62106EA99E36}.Debug|Any CPU.ActiveCfg = Debug|Any CPU
		{715BA765-A19C-4D3D-8DF8-62106EA99E36}.Debug|Any CPU.Build.0 = Debug|Any CPU
		{715BA765-A19C-4D3D-8DF8-62106EA99E36}.Release|Any CPU.ActiveCfg = Release|Any CPU
		{715BA765-A19C-4D3D-8DF8-62106EA99E36}.Release|Any CPU.Build.0 = Release|Any CPU
	EndGlobalSection
	GlobalSection(MonoDevelopProperties) = preSolution
		Policies = $0
		$0.DotNetNamingPolicy = $1
		$1.DirectoryNamespaceAssociation = PrefixedHierarchical
		$0.StandardHeader = $2
		$0.VersionControlPolicy = $3
		$3.CommitMessageStyle = $4
		$4.LastFilePostfix = "@:\n  "
		$4.Wrap = False
	EndGlobalSection
EndGlobal
